
Microsoft Visual Studio Solution File, Format Version 11.00
# Visual Studio 2010
Project("{FAE04EC0-301F-11D3-BF4B-00C04F79EFBC}") = "Assembly-CSharp", "Assembly-CSharp.csproj", "{1A097D0E-5BDE-53F9-6553-476E16DE8DD7}"
EndProject
Project("{FAE04EC0-301F-11D3-BF4B-00C04F79EFBC}") = "Assembly-CSharp-Editor", "Assembly-CSharp-Editor.csproj", "{F402BAC3-6C25-5106-956E-A3441EFEACFB}"
EndProject
Global
	GlobalSection(SolutionConfigurationPlatforms) = preSolution
		Debug|Any CPU = Debug|Any CPU
		Release|Any CPU = Release|Any CPU
	EndGlobalSection
	GlobalSection(ProjectConfigurationPlatforms) = postSolution
		{1A097D0E-5BDE-53F9-6553-476E16DE8DD7}.Debug|Any CPU.ActiveCfg = Debug|Any CPU
		{1A097D0E-5BDE-53F9-6553-476E16DE8DD7}.Debug|Any CPU.Build.0 = Debug|Any CPU
		{1A097D0E-5BDE-53F9-6553-476E16DE8DD7}.Release|Any CPU.ActiveCfg = Release|Any CPU
		{1A097D0E-5BDE-53F9-6553-476E16DE8DD7}.Release|Any CPU.Build.0 = Release|Any CPU
		{F402BAC3-6C25-5106-956E-A3441EFEACFB}.Debug|Any CPU.ActiveCfg = Debug|Any CPU
		{F402BAC3-6C25-5106-956E-A3441EFEACFB}.Debug|Any CPU.Build.0 = Debug|Any CPU
		{F402BAC3-6C25-5106-956E-A3441EFEACFB}.Release|Any CPU.ActiveCfg = Release|Any CPU
		{F402BAC3-6C25-5106-956E-A3441EFEACFB}.Release|Any CPU.Build.0 = Release|Any CPU
	EndGlobalSection
	GlobalSection(SolutionProperties) = preSolution
		HideSolutionNode = FALSE
	EndGlobalSection
EndGlobal
