
Microsoft Visual Studio Solution File, Format Version 12.00
# Visual Studio 15
Project("{FAE04EC0-301F-11D3-BF4B-00C04F79EFBC}") = "Unity.XR.Interaction.Toolkit", "Unity.XR.Interaction.Toolkit.csproj", "{4A3CC364-1489-7A34-54F0-779D0AAEA60D}"
EndProject
Project("{FAE04EC0-301F-11D3-BF4B-00C04F79EFBC}") = "UnityEngine.UI", "UnityEngine.UI.csproj", "{21C5A2E7-C4B7-E278-D257-390E372C63C7}"
EndProject
Project("{FAE04EC0-301F-11D3-BF4B-00C04F79EFBC}") = "Unity.RenderPipelines.Core.Runtime", "Unity.RenderPipelines.Core.Runtime.csproj", "{D9A638DC-7E4A-1650-F871-939EC7759056}"
EndProject
Project("{FAE04EC0-301F-11D3-BF4B-00C04F79EFBC}") = "Wave.OpenXR.Toolkit", "Wave.OpenXR.Toolkit.csproj", "{5A662C6F-2A32-C18E-0C4A-B03CB9AA45D3}"
EndProject
Project("{FAE04EC0-301F-11D3-BF4B-00C04F79EFBC}") = "UnityEngine.TestRunner", "UnityEngine.TestRunner.csproj", "{9D57D701-7AB9-F4A6-5090-F40C6DB97509}"
EndProject
Project("{FAE04EC0-301F-11D3-BF4B-00C04F79EFBC}") = "Unity.Mathematics", "Unity.Mathematics.csproj", "{DF8012EF-A63D-6D2D-DE32-AB48383FE9E0}"
EndProject
Project("{FAE04EC0-301F-11D3-BF4B-00C04F79EFBC}") = "Assembly-CSharp", "Assembly-CSharp.csproj", "{0B1AB016-BB0D-A41E-8CDF-B103303596A3}"
EndProject
Project("{FAE04EC0-301F-11D3-BF4B-00C04F79EFBC}") = "Unity.Services.Core.Telemetry", "Unity.Services.Core.Telemetry.csproj", "{FAF871E4-912B-A4D3-1DE6-DEB4490DFBEA}"
EndProject
Project("{FAE04EC0-301F-11D3-BF4B-00C04F79EFBC}") = "Unity.InputSystem", "Unity.InputSystem.csproj", "{D204C2E5-DB9B-F3F4-CDE2-FFA97787BC78}"
EndProject
Project("{FAE04EC0-301F-11D3-BF4B-00C04F79EFBC}") = "Unity.RenderPipelines.Universal.Runtime", "Unity.RenderPipelines.Universal.Runtime.csproj", "{97A21A00-F2C1-26BF-100C-A24425EBB5BE}"
EndProject
Project("{FAE04EC0-301F-11D3-BF4B-00C04F79EFBC}") = "Unity.Postprocessing.Runtime", "Unity.Postprocessing.Runtime.csproj", "{54F00507-6802-A806-04F5-D98A88E1CAF8}"
EndProject
Project("{FAE04EC0-301F-11D3-BF4B-00C04F79EFBC}") = "UnityEngine.XR.LegacyInputHelpers", "UnityEngine.XR.LegacyInputHelpers.csproj", "{4D7CC736-88B6-39B5-2B89-2367A5BD6B58}"
EndProject
Project("{FAE04EC0-301F-11D3-BF4B-00C04F79EFBC}") = "Unity.Services.Core.Environments.Internal", "Unity.Services.Core.Environments.Internal.csproj", "{A4658584-B034-4D4E-3833-0A7DF9076342}"
EndProject
Project("{FAE04EC0-301F-11D3-BF4B-00C04F79EFBC}") = "Unity.Burst", "Unity.Burst.csproj", "{9A9BD549-AECC-025B-6F04-4EDE75B613AC}"
EndProject
Project("{FAE04EC0-301F-11D3-BF4B-00C04F79EFBC}") = "Unity.TextMeshPro", "Unity.TextMeshPro.csproj", "{5A091730-AFE4-65BF-ABDA-617B5D4118D8}"
EndProject
Project("{FAE04EC0-301F-11D3-BF4B-00C04F79EFBC}") = "Cinemachine", "Cinemachine.csproj", "{8128D2B4-3E46-0C4A-64FC-230534D42A2B}"
EndProject
Project("{FAE04EC0-301F-11D3-BF4B-00C04F79EFBC}") = "Unity.Timeline", "Unity.Timeline.csproj", "{D77F4FCF-7B8D-4A81-F0E4-C7C45BDBDF24}"
EndProject
Project("{FAE04EC0-301F-11D3-BF4B-00C04F79EFBC}") = "Unity.Services.Core", "Unity.Services.Core.csproj", "{A810DFB3-BC00-9314-52A1-54F8A8139B80}"
EndProject
Project("{FAE04EC0-301F-11D3-BF4B-00C04F79EFBC}") = "Unity.RenderPipeline.Universal.ShaderLibrary", "Unity.RenderPipeline.Universal.ShaderLibrary.csproj", "{F649B087-B38B-D8F3-CD5F-E1C42DFAAB30}"
EndProject
Project("{FAE04EC0-301F-11D3-BF4B-00C04F79EFBC}") = "Unity.XR.CoreUtils", "Unity.XR.CoreUtils.csproj", "{18126ABA-8655-37FD-C964-BE706131F146}"
EndProject
Project("{FAE04EC0-301F-11D3-BF4B-00C04F79EFBC}") = "Unity.XR.OpenXR", "Unity.XR.OpenXR.csproj", "{90590F1A-AC29-D3C2-C0E2-04507E457E07}"
EndProject
Project("{FAE04EC0-301F-11D3-BF4B-00C04F79EFBC}") = "Unity.Services.Core.Environments", "Unity.Services.Core.Environments.csproj", "{4026BECE-B839-1DD1-284E-FE3F374F5236}"
EndProject
Project("{FAE04EC0-301F-11D3-BF4B-00C04F79EFBC}") = "Wave.XRSDK", "Wave.XRSDK.csproj", "{287ECCB5-5962-79F6-70BE-DA3537F1511D}"
EndProject
Project("{FAE04EC0-301F-11D3-BF4B-00C04F79EFBC}") = "Unity.Services.Core.Internal", "Unity.Services.Core.Internal.csproj", "{91C28C89-329A-A5F0-EAC9-91519CBF23D9}"
EndProject
Project("{FAE04EC0-301F-11D3-BF4B-00C04F79EFBC}") = "Unity.Services.Core.Analytics", "Unity.Services.Core.Analytics.csproj", "{309334CB-F7DE-24FE-8B81-10D6B405BC6D}"
EndProject
Project("{FAE04EC0-301F-11D3-BF4B-00C04F79EFBC}") = "PathCreator", "PathCreator.csproj", "{7C6F0D47-C2A6-B60F-76E5-630F203D878F}"
EndProject
Project("{FAE04EC0-301F-11D3-BF4B-00C04F79EFBC}") = "Unity.Services.Core.Scheduler", "Unity.Services.Core.Scheduler.csproj", "{4A2E83F6-51C1-8938-B1FB-97BD554D0C3D}"
EndProject
Project("{FAE04EC0-301F-11D3-BF4B-00C04F79EFBC}") = "Boxophobic.Utils.Scripts", "Boxophobic.Utils.Scripts.csproj", "{1EF01C02-920A-61AD-C80E-46637363B6DC}"
EndProject
Project("{FAE04EC0-301F-11D3-BF4B-00C04F79EFBC}") = "Unity.Services.Core.Registration", "Unity.Services.Core.Registration.csproj", "{A7DE92E0-DA0B-4D41-6D2F-23F3E6F3FCBF}"
EndProject
Project("{FAE04EC0-301F-11D3-BF4B-00C04F79EFBC}") = "Unity.Services.Core.Device", "Unity.Services.Core.Device.csproj", "{780E0101-964C-CB34-8459-C962FC6E5108}"
EndProject
Project("{FAE04EC0-301F-11D3-BF4B-00C04F79EFBC}") = "Unity.XR.Management", "Unity.XR.Management.csproj", "{EE5D8FA1-3EE3-DA7A-3CC4-22124F141B89}"
EndProject
Project("{FAE04EC0-301F-11D3-BF4B-00C04F79EFBC}") = "Unity.Services.Core.Threading", "Unity.Services.Core.Threading.csproj", "{A7A10C0F-EF1D-E4FE-94AE-187D9B423559}"
EndProject
Project("{FAE04EC0-301F-11D3-BF4B-00C04F79EFBC}") = "Unity.Services.Core.Networking", "Unity.Services.Core.Networking.csproj", "{8E2B7E6A-2765-8BD6-84DE-D258DB46F271}"
EndProject
Project("{FAE04EC0-301F-11D3-BF4B-00C04F79EFBC}") = "Wave.OpenXR", "Wave.OpenXR.csproj", "{A4505C9A-FDD1-6291-F1CD-C9225328B4E3}"
EndProject
Project("{FAE04EC0-301F-11D3-BF4B-00C04F79EFBC}") = "Unity.RenderPipelines.Core.ShaderLibrary", "Unity.RenderPipelines.Core.ShaderLibrary.csproj", "{28B5BF58-0C87-A4F4-9493-22C776ADC412}"
EndProject
Project("{FAE04EC0-301F-11D3-BF4B-00C04F79EFBC}") = "Unity.XR.OpenXR.Features.RuntimeDebugger", "Unity.XR.OpenXR.Features.RuntimeDebugger.csproj", "{83D0BE97-967C-A10F-0CBF-49023CAC76CF}"
EndProject
Project("{FAE04EC0-301F-11D3-BF4B-00C04F79EFBC}") = "Unity.Services.Core.Configuration", "Unity.Services.Core.Configuration.csproj", "{40E6605C-98A8-9BCD-FEF5-AF25FB631214}"
EndProject
Project("{FAE04EC0-301F-11D3-BF4B-00C04F79EFBC}") = "UnityEngine.SpatialTracking", "UnityEngine.SpatialTracking.csproj", "{EDFF9CC4-7963-2EC6-C569-3A676D4300C8}"
EndProject
Project("{FAE04EC0-301F-11D3-BF4B-00C04F79EFBC}") = "Unity.XR.OpenXR.Features.ConformanceAutomation", "Unity.XR.OpenXR.Features.ConformanceAutomation.csproj", "{551CC8BA-09E8-AC0B-96A7-1C965AC130AE}"
EndProject
Project("{FAE04EC0-301F-11D3-BF4B-00C04F79EFBC}") = "Unity.XR.OpenXR.Features.MockRuntime", "Unity.XR.OpenXR.Features.MockRuntime.csproj", "{8583CFEC-B20B-1EC9-6D63-E941C9327EDB}"
EndProject
Project("{FAE04EC0-301F-11D3-BF4B-00C04F79EFBC}") = "Unity.Subsystem.Registration", "Unity.Subsystem.Registration.csproj", "{0D565459-E708-C972-85A9-F959587F8AA4}"
EndProject
Project("{FAE04EC0-301F-11D3-BF4B-00C04F79EFBC}") = "Unity.RenderPipelines.Universal.Shaders", "Unity.RenderPipelines.Universal.Shaders.csproj", "{DD042FBC-C08D-E473-A17F-2430DA75D4EA}"
EndProject
Project("{FAE04EC0-301F-11D3-BF4B-00C04F79EFBC}") = "Unity.RenderPipelines.ShaderGraph.ShaderGraphLibrary", "Unity.RenderPipelines.ShaderGraph.ShaderGraphLibrary.csproj", "{188DE2D6-E91E-6AB4-19AC-C07BA1282964}"
EndProject
Project("{FAE04EC0-301F-11D3-BF4B-00C04F79EFBC}") = "Unity.XR.OpenXR.Features.OculusQuestSupport", "Unity.XR.OpenXR.Features.OculusQuestSupport.csproj", "{DB32E470-FF6A-013E-F789-735C083F22E5}"
EndProject
Project("{FAE04EC0-301F-11D3-BF4B-00C04F79EFBC}") = "Unity.PlasticSCM.Editor", "Unity.PlasticSCM.Editor.csproj", "{B9E0CA0B-5C9F-B8FF-7AA9-D97F04D9A2AA}"
EndProject
Project("{FAE04EC0-301F-11D3-BF4B-00C04F79EFBC}") = "Unity.ShaderGraph.Editor", "Unity.ShaderGraph.Editor.csproj", "{9C6F9458-1E9B-3CBE-8AED-D5758979BEA6}"
EndProject
Project("{FAE04EC0-301F-11D3-BF4B-00C04F79EFBC}") = "Unity.XR.OpenXR.Editor", "Unity.XR.OpenXR.Editor.csproj", "{3EADC7C4-8FA4-6BCE-3117-F38728E646DC}"
EndProject
Project("{FAE04EC0-301F-11D3-BF4B-00C04F79EFBC}") = "Unity.VisualStudio.Editor", "Unity.VisualStudio.Editor.csproj", "{330E1129-3082-4D74-CE7C-84AD4B3EC7E5}"
EndProject
Project("{FAE04EC0-301F-11D3-BF4B-00C04F79EFBC}") = "Unity.Timeline.Editor", "Unity.Timeline.Editor.csproj", "{2A1E09C8-0606-9066-AF97-289CA465F1D2}"
EndProject
Project("{FAE04EC0-301F-11D3-BF4B-00C04F79EFBC}") = "Unity.RenderPipelines.Universal.Editor", "Unity.RenderPipelines.Universal.Editor.csproj", "{45BF8115-41F5-FD21-D47B-20676447E8CB}"
EndProject
Project("{FAE04EC0-301F-11D3-BF4B-00C04F79EFBC}") = "Unity.XR.Interaction.Toolkit.Editor", "Unity.XR.Interaction.Toolkit.Editor.csproj", "{91D4F325-B60A-E725-7E52-1162849D340D}"
EndProject
Project("{FAE04EC0-301F-11D3-BF4B-00C04F79EFBC}") = "Unity.TextMeshPro.Editor", "Unity.TextMeshPro.Editor.csproj", "{1E6CE158-E903-AC3D-DFE1-7EF5909BB9C9}"
EndProject
Project("{FAE04EC0-301F-11D3-BF4B-00C04F79EFBC}") = "com.unity.cinemachine.editor", "com.unity.cinemachine.editor.csproj", "{4D26CAA2-FB81-D415-C083-F86C5FD60BA4}"
EndProject
Project("{FAE04EC0-301F-11D3-BF4B-00C04F79EFBC}") = "Unity.RenderPipelines.Core.Editor", "Unity.RenderPipelines.Core.Editor.csproj", "{7FE624E3-856B-04E3-EFD0-56A475E4AA40}"
EndProject
Project("{FAE04EC0-301F-11D3-BF4B-00C04F79EFBC}") = "Unity.CollabProxy.Editor", "Unity.CollabProxy.Editor.csproj", "{61AB0A1F-0221-4145-5684-E73A66CA4325}"
EndProject
Project("{FAE04EC0-301F-11D3-BF4B-00C04F79EFBC}") = "Unity.Postprocessing.Editor", "Unity.Postprocessing.Editor.csproj", "{7A032A70-17F2-8C1C-C080-9B1F87934E27}"
EndProject
Project("{FAE04EC0-301F-11D3-BF4B-00C04F79EFBC}") = "UnityEditor.TestRunner", "UnityEditor.TestRunner.csproj", "{43AC2EB1-50B7-5C7C-E5F9-D2C0B8FF38D2}"
EndProject
Project("{FAE04EC0-301F-11D3-BF4B-00C04F79EFBC}") = "Unity.Services.Core.Editor", "Unity.Services.Core.Editor.csproj", "{86B23497-4ED4-903B-8847-94474B407142}"
EndProject
Project("{FAE04EC0-301F-11D3-BF4B-00C04F79EFBC}") = "Unity.Rider.Editor", "Unity.Rider.Editor.csproj", "{FF3418CB-DAC2-1A08-9228-354C6A33096A}"
EndProject
Project("{FAE04EC0-301F-11D3-BF4B-00C04F79EFBC}") = "Wave.XRSDK.Editor", "Wave.XRSDK.Editor.csproj", "{00348B8F-C010-3033-C93E-92E943763C9A}"
EndProject
Project("{FAE04EC0-301F-11D3-BF4B-00C04F79EFBC}") = "Unity.XR.CoreUtils.Editor", "Unity.XR.CoreUtils.Editor.csproj", "{774A18FC-FD41-275A-90D3-1A824EC7FE63}"
EndProject
Project("{FAE04EC0-301F-11D3-BF4B-00C04F79EFBC}") = "Boxophobic.Utils.Editor", "Boxophobic.Utils.Editor.csproj", "{BC9FE286-817E-5B56-4D57-62174ACD3E01}"
EndProject
Project("{FAE04EC0-301F-11D3-BF4B-00C04F79EFBC}") = "Unity.Searcher.Editor", "Unity.Searcher.Editor.csproj", "{E999B46C-89C4-8F8F-D66E-AB133AFB8F6D}"
EndProject
Project("{FAE04EC0-301F-11D3-BF4B-00C04F79EFBC}") = "Unity.Burst.CodeGen", "Unity.Burst.CodeGen.csproj", "{09FABEBB-6FBB-C6D0-19E9-8CBD974858B6}"
EndProject
Project("{FAE04EC0-301F-11D3-BF4B-00C04F79EFBC}") = "Unity.XR.OpenXR.Features.OculusQuestSupport.Editor", "Unity.XR.OpenXR.Features.OculusQuestSupport.Editor.csproj", "{01A7BEEA-5D66-90EE-1350-5D0125624813}"
EndProject
Project("{FAE04EC0-301F-11D3-BF4B-00C04F79EFBC}") = "Unity.XR.Management.Editor", "Unity.XR.Management.Editor.csproj", "{DA08E1F7-88B6-9FEB-7A85-69AA1250BECD}"
EndProject
Project("{FAE04EC0-301F-11D3-BF4B-00C04F79EFBC}") = "Unity.VSCode.Editor", "Unity.VSCode.Editor.csproj", "{8898B24C-0D9C-0678-DE4D-5C698E3A1D26}"
EndProject
Project("{FAE04EC0-301F-11D3-BF4B-00C04F79EFBC}") = "UnityEditor.UI", "UnityEditor.UI.csproj", "{9E059EB3-453A-0BDB-0E1F-9944508C5355}"
EndProject
Project("{FAE04EC0-301F-11D3-BF4B-00C04F79EFBC}") = "UnityEditor.SpatialTracking", "UnityEditor.SpatialTracking.csproj", "{F4F85260-D7AE-7A54-652D-53A884B55E2C}"
EndProject
Project("{FAE04EC0-301F-11D3-BF4B-00C04F79EFBC}") = "PPv2URPConverters", "PPv2URPConverters.csproj", "{95646E47-5E7C-F66F-5360-DF55CA31C041}"
EndProject
Project("{FAE04EC0-301F-11D3-BF4B-00C04F79EFBC}") = "Assembly-CSharp-Editor", "Assembly-CSharp-Editor.csproj", "{E9A23D27-2B00-9FC9-FFA1-CE489D7B7C94}"
EndProject
Project("{FAE04EC0-301F-11D3-BF4B-00C04F79EFBC}") = "PathCreatorEditor", "PathCreatorEditor.csproj", "{F28E9243-8152-8219-D923-6DDCEBB2FBAD}"
EndProject
Project("{FAE04EC0-301F-11D3-BF4B-00C04F79EFBC}") = "Unity.Mathematics.Editor", "Unity.Mathematics.Editor.csproj", "{3773733B-E704-68ED-04C9-20099976A6A2}"
EndProject
Project("{FAE04EC0-301F-11D3-BF4B-00C04F79EFBC}") = "Unity.Services.Core.Configuration.Editor", "Unity.Services.Core.Configuration.Editor.csproj", "{87C92EA0-D930-E525-4064-9167190A5D9C}"
EndProject
Project("{FAE04EC0-301F-11D3-BF4B-00C04F79EFBC}") = "Unity.Burst.Editor", "Unity.Burst.Editor.csproj", "{07513DDD-9F52-9E94-4DDA-0ECB1EDAB308}"
EndProject
Project("{FAE04EC0-301F-11D3-BF4B-00C04F79EFBC}") = "UnityEditor.XR.LegacyInputHelpers", "UnityEditor.XR.LegacyInputHelpers.csproj", "{A72BCD14-2A97-A8B1-C4D6-9FEF142D87A7}"
EndProject
Project("{FAE04EC0-301F-11D3-BF4B-00C04F79EFBC}") = "Unity.XR.OpenXR.Features.RuntimeDebugger.Editor", "Unity.XR.OpenXR.Features.RuntimeDebugger.Editor.csproj", "{F7516561-CF4E-8461-6375-7091A5FDED13}"
EndProject
Project("{FAE04EC0-301F-11D3-BF4B-00C04F79EFBC}") = "Boxophobic.SkyboxCubemapExtended.Editor", "Boxophobic.SkyboxCubemapExtended.Editor.csproj", "{6E0ED148-02CC-4D8D-CEC7-34FAE98907B0}"
EndProject
Project("{FAE04EC0-301F-11D3-BF4B-00C04F79EFBC}") = "Wave.OpenXR.Editor", "Wave.OpenXR.Editor.csproj", "{8403814B-6D2A-27AB-7B5F-A931015C4E8B}"
EndProject
Project("{FAE04EC0-301F-11D3-BF4B-00C04F79EFBC}") = "Unity.ShaderGraph.Utilities", "Unity.ShaderGraph.Utilities.csproj", "{F6106058-CF78-36B1-3F1B-F3C081392EA9}"
EndProject
Global
	GlobalSection(SolutionConfigurationPlatforms) = preSolution
		Debug|Any CPU = Debug|Any CPU
		Release|Any CPU = Release|Any CPU
	EndGlobalSection
	GlobalSection(ProjectConfigurationPlatforms) = postSolution
		{4A3CC364-1489-7A34-54F0-779D0AAEA60D}.Debug|Any CPU.ActiveCfg = Debug|Any CPU
		{4A3CC364-1489-7A34-54F0-779D0AAEA60D}.Debug|Any CPU.Build.0 = Debug|Any CPU
		{4A3CC364-1489-7A34-54F0-779D0AAEA60D}.Release|Any CPU.ActiveCfg = Release|Any CPU
		{4A3CC364-1489-7A34-54F0-779D0AAEA60D}.Release|Any CPU.Build.0 = Release|Any CPU
		{21C5A2E7-C4B7-E278-D257-390E372C63C7}.Debug|Any CPU.ActiveCfg = Debug|Any CPU
		{21C5A2E7-C4B7-E278-D257-390E372C63C7}.Debug|Any CPU.Build.0 = Debug|Any CPU
		{21C5A2E7-C4B7-E278-D257-390E372C63C7}.Release|Any CPU.ActiveCfg = Release|Any CPU
		{21C5A2E7-C4B7-E278-D257-390E372C63C7}.Release|Any CPU.Build.0 = Release|Any CPU
		{D9A638DC-7E4A-1650-F871-939EC7759056}.Debug|Any CPU.ActiveCfg = Debug|Any CPU
		{D9A638DC-7E4A-1650-F871-939EC7759056}.Debug|Any CPU.Build.0 = Debug|Any CPU
		{D9A638DC-7E4A-1650-F871-939EC7759056}.Release|Any CPU.ActiveCfg = Release|Any CPU
		{D9A638DC-7E4A-1650-F871-939EC7759056}.Release|Any CPU.Build.0 = Release|Any CPU
		{5A662C6F-2A32-C18E-0C4A-B03CB9AA45D3}.Debug|Any CPU.ActiveCfg = Debug|Any CPU
		{5A662C6F-2A32-C18E-0C4A-B03CB9AA45D3}.Debug|Any CPU.Build.0 = Debug|Any CPU
		{5A662C6F-2A32-C18E-0C4A-B03CB9AA45D3}.Release|Any CPU.ActiveCfg = Release|Any CPU
		{5A662C6F-2A32-C18E-0C4A-B03CB9AA45D3}.Release|Any CPU.Build.0 = Release|Any CPU
		{9D57D701-7AB9-F4A6-5090-F40C6DB97509}.Debug|Any CPU.ActiveCfg = Debug|Any CPU
		{9D57D701-7AB9-F4A6-5090-F40C6DB97509}.Debug|Any CPU.Build.0 = Debug|Any CPU
		{9D57D701-7AB9-F4A6-5090-F40C6DB97509}.Release|Any CPU.ActiveCfg = Release|Any CPU
		{9D57D701-7AB9-F4A6-5090-F40C6DB97509}.Release|Any CPU.Build.0 = Release|Any CPU
		{DF8012EF-A63D-6D2D-DE32-AB48383FE9E0}.Debug|Any CPU.ActiveCfg = Debug|Any CPU
		{DF8012EF-A63D-6D2D-DE32-AB48383FE9E0}.Debug|Any CPU.Build.0 = Debug|Any CPU
		{DF8012EF-A63D-6D2D-DE32-AB48383FE9E0}.Release|Any CPU.ActiveCfg = Release|Any CPU
		{DF8012EF-A63D-6D2D-DE32-AB48383FE9E0}.Release|Any CPU.Build.0 = Release|Any CPU
		{0B1AB016-BB0D-A41E-8CDF-B103303596A3}.Debug|Any CPU.ActiveCfg = Debug|Any CPU
		{0B1AB016-BB0D-A41E-8CDF-B103303596A3}.Debug|Any CPU.Build.0 = Debug|Any CPU
		{0B1AB016-BB0D-A41E-8CDF-B103303596A3}.Release|Any CPU.ActiveCfg = Release|Any CPU
		{0B1AB016-BB0D-A41E-8CDF-B103303596A3}.Release|Any CPU.Build.0 = Release|Any CPU
		{FAF871E4-912B-A4D3-1DE6-DEB4490DFBEA}.Debug|Any CPU.ActiveCfg = Debug|Any CPU
		{FAF871E4-912B-A4D3-1DE6-DEB4490DFBEA}.Debug|Any CPU.Build.0 = Debug|Any CPU
		{FAF871E4-912B-A4D3-1DE6-DEB4490DFBEA}.Release|Any CPU.ActiveCfg = Release|Any CPU
		{FAF871E4-912B-A4D3-1DE6-DEB4490DFBEA}.Release|Any CPU.Build.0 = Release|Any CPU
		{D204C2E5-DB9B-F3F4-CDE2-FFA97787BC78}.Debug|Any CPU.ActiveCfg = Debug|Any CPU
		{D204C2E5-DB9B-F3F4-CDE2-FFA97787BC78}.Debug|Any CPU.Build.0 = Debug|Any CPU
		{D204C2E5-DB9B-F3F4-CDE2-FFA97787BC78}.Release|Any CPU.ActiveCfg = Release|Any CPU
		{D204C2E5-DB9B-F3F4-CDE2-FFA97787BC78}.Release|Any CPU.Build.0 = Release|Any CPU
		{97A21A00-F2C1-26BF-100C-A24425EBB5BE}.Debug|Any CPU.ActiveCfg = Debug|Any CPU
		{97A21A00-F2C1-26BF-100C-A24425EBB5BE}.Debug|Any CPU.Build.0 = Debug|Any CPU
		{97A21A00-F2C1-26BF-100C-A24425EBB5BE}.Release|Any CPU.ActiveCfg = Release|Any CPU
		{97A21A00-F2C1-26BF-100C-A24425EBB5BE}.Release|Any CPU.Build.0 = Release|Any CPU
		{54F00507-6802-A806-04F5-D98A88E1CAF8}.Debug|Any CPU.ActiveCfg = Debug|Any CPU
		{54F00507-6802-A806-04F5-D98A88E1CAF8}.Debug|Any CPU.Build.0 = Debug|Any CPU
		{54F00507-6802-A806-04F5-D98A88E1CAF8}.Release|Any CPU.ActiveCfg = Release|Any CPU
		{54F00507-6802-A806-04F5-D98A88E1CAF8}.Release|Any CPU.Build.0 = Release|Any CPU
		{4D7CC736-88B6-39B5-2B89-2367A5BD6B58}.Debug|Any CPU.ActiveCfg = Debug|Any CPU
		{4D7CC736-88B6-39B5-2B89-2367A5BD6B58}.Debug|Any CPU.Build.0 = Debug|Any CPU
		{4D7CC736-88B6-39B5-2B89-2367A5BD6B58}.Release|Any CPU.ActiveCfg = Release|Any CPU
		{4D7CC736-88B6-39B5-2B89-2367A5BD6B58}.Release|Any CPU.Build.0 = Release|Any CPU
		{A4658584-B034-4D4E-3833-0A7DF9076342}.Debug|Any CPU.ActiveCfg = Debug|Any CPU
		{A4658584-B034-4D4E-3833-0A7DF9076342}.Debug|Any CPU.Build.0 = Debug|Any CPU
		{A4658584-B034-4D4E-3833-0A7DF9076342}.Release|Any CPU.ActiveCfg = Release|Any CPU
		{A4658584-B034-4D4E-3833-0A7DF9076342}.Release|Any CPU.Build.0 = Release|Any CPU
		{9A9BD549-AECC-025B-6F04-4EDE75B613AC}.Debug|Any CPU.ActiveCfg = Debug|Any CPU
		{9A9BD549-AECC-025B-6F04-4EDE75B613AC}.Debug|Any CPU.Build.0 = Debug|Any CPU
		{9A9BD549-AECC-025B-6F04-4EDE75B613AC}.Release|Any CPU.ActiveCfg = Release|Any CPU
		{9A9BD549-AECC-025B-6F04-4EDE75B613AC}.Release|Any CPU.Build.0 = Release|Any CPU
		{5A091730-AFE4-65BF-ABDA-617B5D4118D8}.Debug|Any CPU.ActiveCfg = Debug|Any CPU
		{5A091730-AFE4-65BF-ABDA-617B5D4118D8}.Debug|Any CPU.Build.0 = Debug|Any CPU
		{5A091730-AFE4-65BF-ABDA-617B5D4118D8}.Release|Any CPU.ActiveCfg = Release|Any CPU
		{5A091730-AFE4-65BF-ABDA-617B5D4118D8}.Release|Any CPU.Build.0 = Release|Any CPU
		{8128D2B4-3E46-0C4A-64FC-230534D42A2B}.Debug|Any CPU.ActiveCfg = Debug|Any CPU
		{8128D2B4-3E46-0C4A-64FC-230534D42A2B}.Debug|Any CPU.Build.0 = Debug|Any CPU
		{8128D2B4-3E46-0C4A-64FC-230534D42A2B}.Release|Any CPU.ActiveCfg = Release|Any CPU
		{8128D2B4-3E46-0C4A-64FC-230534D42A2B}.Release|Any CPU.Build.0 = Release|Any CPU
		{D77F4FCF-7B8D-4A81-F0E4-C7C45BDBDF24}.Debug|Any CPU.ActiveCfg = Debug|Any CPU
		{D77F4FCF-7B8D-4A81-F0E4-C7C45BDBDF24}.Debug|Any CPU.Build.0 = Debug|Any CPU
		{D77F4FCF-7B8D-4A81-F0E4-C7C45BDBDF24}.Release|Any CPU.ActiveCfg = Release|Any CPU
		{D77F4FCF-7B8D-4A81-F0E4-C7C45BDBDF24}.Release|Any CPU.Build.0 = Release|Any CPU
		{A810DFB3-BC00-9314-52A1-54F8A8139B80}.Debug|Any CPU.ActiveCfg = Debug|Any CPU
		{A810DFB3-BC00-9314-52A1-54F8A8139B80}.Debug|Any CPU.Build.0 = Debug|Any CPU
		{A810DFB3-BC00-9314-52A1-54F8A8139B80}.Release|Any CPU.ActiveCfg = Release|Any CPU
		{A810DFB3-BC00-9314-52A1-54F8A8139B80}.Release|Any CPU.Build.0 = Release|Any CPU
		{F649B087-B38B-D8F3-CD5F-E1C42DFAAB30}.Debug|Any CPU.ActiveCfg = Debug|Any CPU
		{F649B087-B38B-D8F3-CD5F-E1C42DFAAB30}.Debug|Any CPU.Build.0 = Debug|Any CPU
		{F649B087-B38B-D8F3-CD5F-E1C42DFAAB30}.Release|Any CPU.ActiveCfg = Release|Any CPU
		{F649B087-B38B-D8F3-CD5F-E1C42DFAAB30}.Release|Any CPU.Build.0 = Release|Any CPU
		{18126ABA-8655-37FD-C964-BE706131F146}.Debug|Any CPU.ActiveCfg = Debug|Any CPU
		{18126ABA-8655-37FD-C964-BE706131F146}.Debug|Any CPU.Build.0 = Debug|Any CPU
		{18126ABA-8655-37FD-C964-BE706131F146}.Release|Any CPU.ActiveCfg = Release|Any CPU
		{18126ABA-8655-37FD-C964-BE706131F146}.Release|Any CPU.Build.0 = Release|Any CPU
		{90590F1A-AC29-D3C2-C0E2-04507E457E07}.Debug|Any CPU.ActiveCfg = Debug|Any CPU
		{90590F1A-AC29-D3C2-C0E2-04507E457E07}.Debug|Any CPU.Build.0 = Debug|Any CPU
		{90590F1A-AC29-D3C2-C0E2-04507E457E07}.Release|Any CPU.ActiveCfg = Release|Any CPU
		{90590F1A-AC29-D3C2-C0E2-04507E457E07}.Release|Any CPU.Build.0 = Release|Any CPU
		{4026BECE-B839-1DD1-284E-FE3F374F5236}.Debug|Any CPU.ActiveCfg = Debug|Any CPU
		{4026BECE-B839-1DD1-284E-FE3F374F5236}.Debug|Any CPU.Build.0 = Debug|Any CPU
		{4026BECE-B839-1DD1-284E-FE3F374F5236}.Release|Any CPU.ActiveCfg = Release|Any CPU
		{4026BECE-B839-1DD1-284E-FE3F374F5236}.Release|Any CPU.Build.0 = Release|Any CPU
		{287ECCB5-5962-79F6-70BE-DA3537F1511D}.Debug|Any CPU.ActiveCfg = Debug|Any CPU
		{287ECCB5-5962-79F6-70BE-DA3537F1511D}.Debug|Any CPU.Build.0 = Debug|Any CPU
		{287ECCB5-5962-79F6-70BE-DA3537F1511D}.Release|Any CPU.ActiveCfg = Release|Any CPU
		{287ECCB5-5962-79F6-70BE-DA3537F1511D}.Release|Any CPU.Build.0 = Release|Any CPU
		{91C28C89-329A-A5F0-EAC9-91519CBF23D9}.Debug|Any CPU.ActiveCfg = Debug|Any CPU
		{91C28C89-329A-A5F0-EAC9-91519CBF23D9}.Debug|Any CPU.Build.0 = Debug|Any CPU
		{91C28C89-329A-A5F0-EAC9-91519CBF23D9}.Release|Any CPU.ActiveCfg = Release|Any CPU
		{91C28C89-329A-A5F0-EAC9-91519CBF23D9}.Release|Any CPU.Build.0 = Release|Any CPU
		{309334CB-F7DE-24FE-8B81-10D6B405BC6D}.Debug|Any CPU.ActiveCfg = Debug|Any CPU
		{309334CB-F7DE-24FE-8B81-10D6B405BC6D}.Debug|Any CPU.Build.0 = Debug|Any CPU
		{309334CB-F7DE-24FE-8B81-10D6B405BC6D}.Release|Any CPU.ActiveCfg = Release|Any CPU
		{309334CB-F7DE-24FE-8B81-10D6B405BC6D}.Release|Any CPU.Build.0 = Release|Any CPU
		{7C6F0D47-C2A6-B60F-76E5-630F203D878F}.Debug|Any CPU.ActiveCfg = Debug|Any CPU
		{7C6F0D47-C2A6-B60F-76E5-630F203D878F}.Debug|Any CPU.Build.0 = Debug|Any CPU
		{7C6F0D47-C2A6-B60F-76E5-630F203D878F}.Release|Any CPU.ActiveCfg = Release|Any CPU
		{7C6F0D47-C2A6-B60F-76E5-630F203D878F}.Release|Any CPU.Build.0 = Release|Any CPU
		{4A2E83F6-51C1-8938-B1FB-97BD554D0C3D}.Debug|Any CPU.ActiveCfg = Debug|Any CPU
		{4A2E83F6-51C1-8938-B1FB-97BD554D0C3D}.Debug|Any CPU.Build.0 = Debug|Any CPU
		{4A2E83F6-51C1-8938-B1FB-97BD554D0C3D}.Release|Any CPU.ActiveCfg = Release|Any CPU
		{4A2E83F6-51C1-8938-B1FB-97BD554D0C3D}.Release|Any CPU.Build.0 = Release|Any CPU
		{1EF01C02-920A-61AD-C80E-46637363B6DC}.Debug|Any CPU.ActiveCfg = Debug|Any CPU
		{1EF01C02-920A-61AD-C80E-46637363B6DC}.Debug|Any CPU.Build.0 = Debug|Any CPU
		{1EF01C02-920A-61AD-C80E-46637363B6DC}.Release|Any CPU.ActiveCfg = Release|Any CPU
		{1EF01C02-920A-61AD-C80E-46637363B6DC}.Release|Any CPU.Build.0 = Release|Any CPU
		{A7DE92E0-DA0B-4D41-6D2F-23F3E6F3FCBF}.Debug|Any CPU.ActiveCfg = Debug|Any CPU
		{A7DE92E0-DA0B-4D41-6D2F-23F3E6F3FCBF}.Debug|Any CPU.Build.0 = Debug|Any CPU
		{A7DE92E0-DA0B-4D41-6D2F-23F3E6F3FCBF}.Release|Any CPU.ActiveCfg = Release|Any CPU
		{A7DE92E0-DA0B-4D41-6D2F-23F3E6F3FCBF}.Release|Any CPU.Build.0 = Release|Any CPU
		{780E0101-964C-CB34-8459-C962FC6E5108}.Debug|Any CPU.ActiveCfg = Debug|Any CPU
		{780E0101-964C-CB34-8459-C962FC6E5108}.Debug|Any CPU.Build.0 = Debug|Any CPU
		{780E0101-964C-CB34-8459-C962FC6E5108}.Release|Any CPU.ActiveCfg = Release|Any CPU
		{780E0101-964C-CB34-8459-C962FC6E5108}.Release|Any CPU.Build.0 = Release|Any CPU
		{EE5D8FA1-3EE3-DA7A-3CC4-22124F141B89}.Debug|Any CPU.ActiveCfg = Debug|Any CPU
		{EE5D8FA1-3EE3-DA7A-3CC4-22124F141B89}.Debug|Any CPU.Build.0 = Debug|Any CPU
		{EE5D8FA1-3EE3-DA7A-3CC4-22124F141B89}.Release|Any CPU.ActiveCfg = Release|Any CPU
		{EE5D8FA1-3EE3-DA7A-3CC4-22124F141B89}.Release|Any CPU.Build.0 = Release|Any CPU
		{A7A10C0F-EF1D-E4FE-94AE-187D9B423559}.Debug|Any CPU.ActiveCfg = Debug|Any CPU
		{A7A10C0F-EF1D-E4FE-94AE-187D9B423559}.Debug|Any CPU.Build.0 = Debug|Any CPU
		{A7A10C0F-EF1D-E4FE-94AE-187D9B423559}.Release|Any CPU.ActiveCfg = Release|Any CPU
		{A7A10C0F-EF1D-E4FE-94AE-187D9B423559}.Release|Any CPU.Build.0 = Release|Any CPU
		{8E2B7E6A-2765-8BD6-84DE-D258DB46F271}.Debug|Any CPU.ActiveCfg = Debug|Any CPU
		{8E2B7E6A-2765-8BD6-84DE-D258DB46F271}.Debug|Any CPU.Build.0 = Debug|Any CPU
		{8E2B7E6A-2765-8BD6-84DE-D258DB46F271}.Release|Any CPU.ActiveCfg = Release|Any CPU
		{8E2B7E6A-2765-8BD6-84DE-D258DB46F271}.Release|Any CPU.Build.0 = Release|Any CPU
		{A4505C9A-FDD1-6291-F1CD-C9225328B4E3}.Debug|Any CPU.ActiveCfg = Debug|Any CPU
		{A4505C9A-FDD1-6291-F1CD-C9225328B4E3}.Debug|Any CPU.Build.0 = Debug|Any CPU
		{A4505C9A-FDD1-6291-F1CD-C9225328B4E3}.Release|Any CPU.ActiveCfg = Release|Any CPU
		{A4505C9A-FDD1-6291-F1CD-C9225328B4E3}.Release|Any CPU.Build.0 = Release|Any CPU
		{28B5BF58-0C87-A4F4-9493-22C776ADC412}.Debug|Any CPU.ActiveCfg = Debug|Any CPU
		{28B5BF58-0C87-A4F4-9493-22C776ADC412}.Debug|Any CPU.Build.0 = Debug|Any CPU
		{28B5BF58-0C87-A4F4-9493-22C776ADC412}.Release|Any CPU.ActiveCfg = Release|Any CPU
		{28B5BF58-0C87-A4F4-9493-22C776ADC412}.Release|Any CPU.Build.0 = Release|Any CPU
		{83D0BE97-967C-A10F-0CBF-49023CAC76CF}.Debug|Any CPU.ActiveCfg = Debug|Any CPU
		{83D0BE97-967C-A10F-0CBF-49023CAC76CF}.Debug|Any CPU.Build.0 = Debug|Any CPU
		{83D0BE97-967C-A10F-0CBF-49023CAC76CF}.Release|Any CPU.ActiveCfg = Release|Any CPU
		{83D0BE97-967C-A10F-0CBF-49023CAC76CF}.Release|Any CPU.Build.0 = Release|Any CPU
		{40E6605C-98A8-9BCD-FEF5-AF25FB631214}.Debug|Any CPU.ActiveCfg = Debug|Any CPU
		{40E6605C-98A8-9BCD-FEF5-AF25FB631214}.Debug|Any CPU.Build.0 = Debug|Any CPU
		{40E6605C-98A8-9BCD-FEF5-AF25FB631214}.Release|Any CPU.ActiveCfg = Release|Any CPU
		{40E6605C-98A8-9BCD-FEF5-AF25FB631214}.Release|Any CPU.Build.0 = Release|Any CPU
		{EDFF9CC4-7963-2EC6-C569-3A676D4300C8}.Debug|Any CPU.ActiveCfg = Debug|Any CPU
		{EDFF9CC4-7963-2EC6-C569-3A676D4300C8}.Debug|Any CPU.Build.0 = Debug|Any CPU
		{EDFF9CC4-7963-2EC6-C569-3A676D4300C8}.Release|Any CPU.ActiveCfg = Release|Any CPU
		{EDFF9CC4-7963-2EC6-C569-3A676D4300C8}.Release|Any CPU.Build.0 = Release|Any CPU
		{551CC8BA-09E8-AC0B-96A7-1C965AC130AE}.Debug|Any CPU.ActiveCfg = Debug|Any CPU
		{551CC8BA-09E8-AC0B-96A7-1C965AC130AE}.Debug|Any CPU.Build.0 = Debug|Any CPU
		{551CC8BA-09E8-AC0B-96A7-1C965AC130AE}.Release|Any CPU.ActiveCfg = Release|Any CPU
		{551CC8BA-09E8-AC0B-96A7-1C965AC130AE}.Release|Any CPU.Build.0 = Release|Any CPU
		{8583CFEC-B20B-1EC9-6D63-E941C9327EDB}.Debug|Any CPU.ActiveCfg = Debug|Any CPU
		{8583CFEC-B20B-1EC9-6D63-E941C9327EDB}.Debug|Any CPU.Build.0 = Debug|Any CPU
		{8583CFEC-B20B-1EC9-6D63-E941C9327EDB}.Release|Any CPU.ActiveCfg = Release|Any CPU
		{8583CFEC-B20B-1EC9-6D63-E941C9327EDB}.Release|Any CPU.Build.0 = Release|Any CPU
		{0D565459-E708-C972-85A9-F959587F8AA4}.Debug|Any CPU.ActiveCfg = Debug|Any CPU
		{0D565459-E708-C972-85A9-F959587F8AA4}.Debug|Any CPU.Build.0 = Debug|Any CPU
		{0D565459-E708-C972-85A9-F959587F8AA4}.Release|Any CPU.ActiveCfg = Release|Any CPU
		{0D565459-E708-C972-85A9-F959587F8AA4}.Release|Any CPU.Build.0 = Release|Any CPU
		{DD042FBC-C08D-E473-A17F-2430DA75D4EA}.Debug|Any CPU.ActiveCfg = Debug|Any CPU
		{DD042FBC-C08D-E473-A17F-2430DA75D4EA}.Debug|Any CPU.Build.0 = Debug|Any CPU
		{DD042FBC-C08D-E473-A17F-2430DA75D4EA}.Release|Any CPU.ActiveCfg = Release|Any CPU
		{DD042FBC-C08D-E473-A17F-2430DA75D4EA}.Release|Any CPU.Build.0 = Release|Any CPU
		{188DE2D6-E91E-6AB4-19AC-C07BA1282964}.Debug|Any CPU.ActiveCfg = Debug|Any CPU
		{188DE2D6-E91E-6AB4-19AC-C07BA1282964}.Debug|Any CPU.Build.0 = Debug|Any CPU
		{188DE2D6-E91E-6AB4-19AC-C07BA1282964}.Release|Any CPU.ActiveCfg = Release|Any CPU
		{188DE2D6-E91E-6AB4-19AC-C07BA1282964}.Release|Any CPU.Build.0 = Release|Any CPU
		{DB32E470-FF6A-013E-F789-735C083F22E5}.Debug|Any CPU.ActiveCfg = Debug|Any CPU
		{DB32E470-FF6A-013E-F789-735C083F22E5}.Debug|Any CPU.Build.0 = Debug|Any CPU
		{DB32E470-FF6A-013E-F789-735C083F22E5}.Release|Any CPU.ActiveCfg = Release|Any CPU
		{DB32E470-FF6A-013E-F789-735C083F22E5}.Release|Any CPU.Build.0 = Release|Any CPU
		{B9E0CA0B-5C9F-B8FF-7AA9-D97F04D9A2AA}.Debug|Any CPU.ActiveCfg = Debug|Any CPU
		{B9E0CA0B-5C9F-B8FF-7AA9-D97F04D9A2AA}.Debug|Any CPU.Build.0 = Debug|Any CPU
		{B9E0CA0B-5C9F-B8FF-7AA9-D97F04D9A2AA}.Release|Any CPU.ActiveCfg = Release|Any CPU
		{B9E0CA0B-5C9F-B8FF-7AA9-D97F04D9A2AA}.Release|Any CPU.Build.0 = Release|Any CPU
		{9C6F9458-1E9B-3CBE-8AED-D5758979BEA6}.Debug|Any CPU.ActiveCfg = Debug|Any CPU
		{9C6F9458-1E9B-3CBE-8AED-D5758979BEA6}.Debug|Any CPU.Build.0 = Debug|Any CPU
		{9C6F9458-1E9B-3CBE-8AED-D5758979BEA6}.Release|Any CPU.ActiveCfg = Release|Any CPU
		{9C6F9458-1E9B-3CBE-8AED-D5758979BEA6}.Release|Any CPU.Build.0 = Release|Any CPU
		{3EADC7C4-8FA4-6BCE-3117-F38728E646DC}.Debug|Any CPU.ActiveCfg = Debug|Any CPU
		{3EADC7C4-8FA4-6BCE-3117-F38728E646DC}.Debug|Any CPU.Build.0 = Debug|Any CPU
		{3EADC7C4-8FA4-6BCE-3117-F38728E646DC}.Release|Any CPU.ActiveCfg = Release|Any CPU
		{3EADC7C4-8FA4-6BCE-3117-F38728E646DC}.Release|Any CPU.Build.0 = Release|Any CPU
		{330E1129-3082-4D74-CE7C-84AD4B3EC7E5}.Debug|Any CPU.ActiveCfg = Debug|Any CPU
		{330E1129-3082-4D74-CE7C-84AD4B3EC7E5}.Debug|Any CPU.Build.0 = Debug|Any CPU
		{330E1129-3082-4D74-CE7C-84AD4B3EC7E5}.Release|Any CPU.ActiveCfg = Release|Any CPU
		{330E1129-3082-4D74-CE7C-84AD4B3EC7E5}.Release|Any CPU.Build.0 = Release|Any CPU
		{2A1E09C8-0606-9066-AF97-289CA465F1D2}.Debug|Any CPU.ActiveCfg = Debug|Any CPU
		{2A1E09C8-0606-9066-AF97-289CA465F1D2}.Debug|Any CPU.Build.0 = Debug|Any CPU
		{2A1E09C8-0606-9066-AF97-289CA465F1D2}.Release|Any CPU.ActiveCfg = Release|Any CPU
		{2A1E09C8-0606-9066-AF97-289CA465F1D2}.Release|Any CPU.Build.0 = Release|Any CPU
		{45BF8115-41F5-FD21-D47B-20676447E8CB}.Debug|Any CPU.ActiveCfg = Debug|Any CPU
		{45BF8115-41F5-FD21-D47B-20676447E8CB}.Debug|Any CPU.Build.0 = Debug|Any CPU
		{45BF8115-41F5-FD21-D47B-20676447E8CB}.Release|Any CPU.ActiveCfg = Release|Any CPU
		{45BF8115-41F5-FD21-D47B-20676447E8CB}.Release|Any CPU.Build.0 = Release|Any CPU
		{91D4F325-B60A-E725-7E52-1162849D340D}.Debug|Any CPU.ActiveCfg = Debug|Any CPU
		{91D4F325-B60A-E725-7E52-1162849D340D}.Debug|Any CPU.Build.0 = Debug|Any CPU
		{91D4F325-B60A-E725-7E52-1162849D340D}.Release|Any CPU.ActiveCfg = Release|Any CPU
		{91D4F325-B60A-E725-7E52-1162849D340D}.Release|Any CPU.Build.0 = Release|Any CPU
		{1E6CE158-E903-AC3D-DFE1-7EF5909BB9C9}.Debug|Any CPU.ActiveCfg = Debug|Any CPU
		{1E6CE158-E903-AC3D-DFE1-7EF5909BB9C9}.Debug|Any CPU.Build.0 = Debug|Any CPU
		{1E6CE158-E903-AC3D-DFE1-7EF5909BB9C9}.Release|Any CPU.ActiveCfg = Release|Any CPU
		{1E6CE158-E903-AC3D-DFE1-7EF5909BB9C9}.Release|Any CPU.Build.0 = Release|Any CPU
		{4D26CAA2-FB81-D415-C083-F86C5FD60BA4}.Debug|Any CPU.ActiveCfg = Debug|Any CPU
		{4D26CAA2-FB81-D415-C083-F86C5FD60BA4}.Debug|Any CPU.Build.0 = Debug|Any CPU
		{4D26CAA2-FB81-D415-C083-F86C5FD60BA4}.Release|Any CPU.ActiveCfg = Release|Any CPU
		{4D26CAA2-FB81-D415-C083-F86C5FD60BA4}.Release|Any CPU.Build.0 = Release|Any CPU
		{7FE624E3-856B-04E3-EFD0-56A475E4AA40}.Debug|Any CPU.ActiveCfg = Debug|Any CPU
		{7FE624E3-856B-04E3-EFD0-56A475E4AA40}.Debug|Any CPU.Build.0 = Debug|Any CPU
		{7FE624E3-856B-04E3-EFD0-56A475E4AA40}.Release|Any CPU.ActiveCfg = Release|Any CPU
		{7FE624E3-856B-04E3-EFD0-56A475E4AA40}.Release|Any CPU.Build.0 = Release|Any CPU
		{61AB0A1F-0221-4145-5684-E73A66CA4325}.Debug|Any CPU.ActiveCfg = Debug|Any CPU
		{61AB0A1F-0221-4145-5684-E73A66CA4325}.Debug|Any CPU.Build.0 = Debug|Any CPU
		{61AB0A1F-0221-4145-5684-E73A66CA4325}.Release|Any CPU.ActiveCfg = Release|Any CPU
		{61AB0A1F-0221-4145-5684-E73A66CA4325}.Release|Any CPU.Build.0 = Release|Any CPU
		{7A032A70-17F2-8C1C-C080-9B1F87934E27}.Debug|Any CPU.ActiveCfg = Debug|Any CPU
		{7A032A70-17F2-8C1C-C080-9B1F87934E27}.Debug|Any CPU.Build.0 = Debug|Any CPU
		{7A032A70-17F2-8C1C-C080-9B1F87934E27}.Release|Any CPU.ActiveCfg = Release|Any CPU
		{7A032A70-17F2-8C1C-C080-9B1F87934E27}.Release|Any CPU.Build.0 = Release|Any CPU
		{43AC2EB1-50B7-5C7C-E5F9-D2C0B8FF38D2}.Debug|Any CPU.ActiveCfg = Debug|Any CPU
		{43AC2EB1-50B7-5C7C-E5F9-D2C0B8FF38D2}.Debug|Any CPU.Build.0 = Debug|Any CPU
		{43AC2EB1-50B7-5C7C-E5F9-D2C0B8FF38D2}.Release|Any CPU.ActiveCfg = Release|Any CPU
		{43AC2EB1-50B7-5C7C-E5F9-D2C0B8FF38D2}.Release|Any CPU.Build.0 = Release|Any CPU
		{86B23497-4ED4-903B-8847-94474B407142}.Debug|Any CPU.ActiveCfg = Debug|Any CPU
		{86B23497-4ED4-903B-8847-94474B407142}.Debug|Any CPU.Build.0 = Debug|Any CPU
		{86B23497-4ED4-903B-8847-94474B407142}.Release|Any CPU.ActiveCfg = Release|Any CPU
		{86B23497-4ED4-903B-8847-94474B407142}.Release|Any CPU.Build.0 = Release|Any CPU
		{FF3418CB-DAC2-1A08-9228-354C6A33096A}.Debug|Any CPU.ActiveCfg = Debug|Any CPU
		{FF3418CB-DAC2-1A08-9228-354C6A33096A}.Debug|Any CPU.Build.0 = Debug|Any CPU
		{FF3418CB-DAC2-1A08-9228-354C6A33096A}.Release|Any CPU.ActiveCfg = Release|Any CPU
		{FF3418CB-DAC2-1A08-9228-354C6A33096A}.Release|Any CPU.Build.0 = Release|Any CPU
		{00348B8F-C010-3033-C93E-92E943763C9A}.Debug|Any CPU.ActiveCfg = Debug|Any CPU
		{00348B8F-C010-3033-C93E-92E943763C9A}.Debug|Any CPU.Build.0 = Debug|Any CPU
		{00348B8F-C010-3033-C93E-92E943763C9A}.Release|Any CPU.ActiveCfg = Release|Any CPU
		{00348B8F-C010-3033-C93E-92E943763C9A}.Release|Any CPU.Build.0 = Release|Any CPU
		{774A18FC-FD41-275A-90D3-1A824EC7FE63}.Debug|Any CPU.ActiveCfg = Debug|Any CPU
		{774A18FC-FD41-275A-90D3-1A824EC7FE63}.Debug|Any CPU.Build.0 = Debug|Any CPU
		{774A18FC-FD41-275A-90D3-1A824EC7FE63}.Release|Any CPU.ActiveCfg = Release|Any CPU
		{774A18FC-FD41-275A-90D3-1A824EC7FE63}.Release|Any CPU.Build.0 = Release|Any CPU
		{BC9FE286-817E-5B56-4D57-62174ACD3E01}.Debug|Any CPU.ActiveCfg = Debug|Any CPU
		{BC9FE286-817E-5B56-4D57-62174ACD3E01}.Debug|Any CPU.Build.0 = Debug|Any CPU
		{BC9FE286-817E-5B56-4D57-62174ACD3E01}.Release|Any CPU.ActiveCfg = Release|Any CPU
		{BC9FE286-817E-5B56-4D57-62174ACD3E01}.Release|Any CPU.Build.0 = Release|Any CPU
		{E999B46C-89C4-8F8F-D66E-AB133AFB8F6D}.Debug|Any CPU.ActiveCfg = Debug|Any CPU
		{E999B46C-89C4-8F8F-D66E-AB133AFB8F6D}.Debug|Any CPU.Build.0 = Debug|Any CPU
		{E999B46C-89C4-8F8F-D66E-AB133AFB8F6D}.Release|Any CPU.ActiveCfg = Release|Any CPU
		{E999B46C-89C4-8F8F-D66E-AB133AFB8F6D}.Release|Any CPU.Build.0 = Release|Any CPU
		{09FABEBB-6FBB-C6D0-19E9-8CBD974858B6}.Debug|Any CPU.ActiveCfg = Debug|Any CPU
		{09FABEBB-6FBB-C6D0-19E9-8CBD974858B6}.Debug|Any CPU.Build.0 = Debug|Any CPU
		{09FABEBB-6FBB-C6D0-19E9-8CBD974858B6}.Release|Any CPU.ActiveCfg = Release|Any CPU
		{09FABEBB-6FBB-C6D0-19E9-8CBD974858B6}.Release|Any CPU.Build.0 = Release|Any CPU
		{01A7BEEA-5D66-90EE-1350-5D0125624813}.Debug|Any CPU.ActiveCfg = Debug|Any CPU
		{01A7BEEA-5D66-90EE-1350-5D0125624813}.Debug|Any CPU.Build.0 = Debug|Any CPU
		{01A7BEEA-5D66-90EE-1350-5D0125624813}.Release|Any CPU.ActiveCfg = Release|Any CPU
		{01A7BEEA-5D66-90EE-1350-5D0125624813}.Release|Any CPU.Build.0 = Release|Any CPU
		{DA08E1F7-88B6-9FEB-7A85-69AA1250BECD}.Debug|Any CPU.ActiveCfg = Debug|Any CPU
		{DA08E1F7-88B6-9FEB-7A85-69AA1250BECD}.Debug|Any CPU.Build.0 = Debug|Any CPU
		{DA08E1F7-88B6-9FEB-7A85-69AA1250BECD}.Release|Any CPU.ActiveCfg = Release|Any CPU
		{DA08E1F7-88B6-9FEB-7A85-69AA1250BECD}.Release|Any CPU.Build.0 = Release|Any CPU
		{8898B24C-0D9C-0678-DE4D-5C698E3A1D26}.Debug|Any CPU.ActiveCfg = Debug|Any CPU
		{8898B24C-0D9C-0678-DE4D-5C698E3A1D26}.Debug|Any CPU.Build.0 = Debug|Any CPU
		{8898B24C-0D9C-0678-DE4D-5C698E3A1D26}.Release|Any CPU.ActiveCfg = Release|Any CPU
		{8898B24C-0D9C-0678-DE4D-5C698E3A1D26}.Release|Any CPU.Build.0 = Release|Any CPU
		{9E059EB3-453A-0BDB-0E1F-9944508C5355}.Debug|Any CPU.ActiveCfg = Debug|Any CPU
		{9E059EB3-453A-0BDB-0E1F-9944508C5355}.Debug|Any CPU.Build.0 = Debug|Any CPU
		{9E059EB3-453A-0BDB-0E1F-9944508C5355}.Release|Any CPU.ActiveCfg = Release|Any CPU
		{9E059EB3-453A-0BDB-0E1F-9944508C5355}.Release|Any CPU.Build.0 = Release|Any CPU
		{F4F85260-D7AE-7A54-652D-53A884B55E2C}.Debug|Any CPU.ActiveCfg = Debug|Any CPU
		{F4F85260-D7AE-7A54-652D-53A884B55E2C}.Debug|Any CPU.Build.0 = Debug|Any CPU
		{F4F85260-D7AE-7A54-652D-53A884B55E2C}.Release|Any CPU.ActiveCfg = Release|Any CPU
		{F4F85260-D7AE-7A54-652D-53A884B55E2C}.Release|Any CPU.Build.0 = Release|Any CPU
		{95646E47-5E7C-F66F-5360-DF55CA31C041}.Debug|Any CPU.ActiveCfg = Debug|Any CPU
		{95646E47-5E7C-F66F-5360-DF55CA31C041}.Debug|Any CPU.Build.0 = Debug|Any CPU
		{95646E47-5E7C-F66F-5360-DF55CA31C041}.Release|Any CPU.ActiveCfg = Release|Any CPU
		{95646E47-5E7C-F66F-5360-DF55CA31C041}.Release|Any CPU.Build.0 = Release|Any CPU
		{E9A23D27-2B00-9FC9-FFA1-CE489D7B7C94}.Debug|Any CPU.ActiveCfg = Debug|Any CPU
		{E9A23D27-2B00-9FC9-FFA1-CE489D7B7C94}.Debug|Any CPU.Build.0 = Debug|Any CPU
		{E9A23D27-2B00-9FC9-FFA1-CE489D7B7C94}.Release|Any CPU.ActiveCfg = Release|Any CPU
		{E9A23D27-2B00-9FC9-FFA1-CE489D7B7C94}.Release|Any CPU.Build.0 = Release|Any CPU
		{F28E9243-8152-8219-D923-6DDCEBB2FBAD}.Debug|Any CPU.ActiveCfg = Debug|Any CPU
		{F28E9243-8152-8219-D923-6DDCEBB2FBAD}.Debug|Any CPU.Build.0 = Debug|Any CPU
		{F28E9243-8152-8219-D923-6DDCEBB2FBAD}.Release|Any CPU.ActiveCfg = Release|Any CPU
		{F28E9243-8152-8219-D923-6DDCEBB2FBAD}.Release|Any CPU.Build.0 = Release|Any CPU
		{3773733B-E704-68ED-04C9-20099976A6A2}.Debug|Any CPU.ActiveCfg = Debug|Any CPU
		{3773733B-E704-68ED-04C9-20099976A6A2}.Debug|Any CPU.Build.0 = Debug|Any CPU
		{3773733B-E704-68ED-04C9-20099976A6A2}.Release|Any CPU.ActiveCfg = Release|Any CPU
		{3773733B-E704-68ED-04C9-20099976A6A2}.Release|Any CPU.Build.0 = Release|Any CPU
		{87C92EA0-D930-E525-4064-9167190A5D9C}.Debug|Any CPU.ActiveCfg = Debug|Any CPU
		{87C92EA0-D930-E525-4064-9167190A5D9C}.Debug|Any CPU.Build.0 = Debug|Any CPU
		{87C92EA0-D930-E525-4064-9167190A5D9C}.Release|Any CPU.ActiveCfg = Release|Any CPU
		{87C92EA0-D930-E525-4064-9167190A5D9C}.Release|Any CPU.Build.0 = Release|Any CPU
		{07513DDD-9F52-9E94-4DDA-0ECB1EDAB308}.Debug|Any CPU.ActiveCfg = Debug|Any CPU
		{07513DDD-9F52-9E94-4DDA-0ECB1EDAB308}.Debug|Any CPU.Build.0 = Debug|Any CPU
		{07513DDD-9F52-9E94-4DDA-0ECB1EDAB308}.Release|Any CPU.ActiveCfg = Release|Any CPU
		{07513DDD-9F52-9E94-4DDA-0ECB1EDAB308}.Release|Any CPU.Build.0 = Release|Any CPU
		{A72BCD14-2A97-A8B1-C4D6-9FEF142D87A7}.Debug|Any CPU.ActiveCfg = Debug|Any CPU
		{A72BCD14-2A97-A8B1-C4D6-9FEF142D87A7}.Debug|Any CPU.Build.0 = Debug|Any CPU
		{A72BCD14-2A97-A8B1-C4D6-9FEF142D87A7}.Release|Any CPU.ActiveCfg = Release|Any CPU
		{A72BCD14-2A97-A8B1-C4D6-9FEF142D87A7}.Release|Any CPU.Build.0 = Release|Any CPU
		{F7516561-CF4E-8461-6375-7091A5FDED13}.Debug|Any CPU.ActiveCfg = Debug|Any CPU
		{F7516561-CF4E-8461-6375-7091A5FDED13}.Debug|Any CPU.Build.0 = Debug|Any CPU
		{F7516561-CF4E-8461-6375-7091A5FDED13}.Release|Any CPU.ActiveCfg = Release|Any CPU
		{F7516561-CF4E-8461-6375-7091A5FDED13}.Release|Any CPU.Build.0 = Release|Any CPU
		{6E0ED148-02CC-4D8D-CEC7-34FAE98907B0}.Debug|Any CPU.ActiveCfg = Debug|Any CPU
		{6E0ED148-02CC-4D8D-CEC7-34FAE98907B0}.Debug|Any CPU.Build.0 = Debug|Any CPU
		{6E0ED148-02CC-4D8D-CEC7-34FAE98907B0}.Release|Any CPU.ActiveCfg = Release|Any CPU
		{6E0ED148-02CC-4D8D-CEC7-34FAE98907B0}.Release|Any CPU.Build.0 = Release|Any CPU
		{8403814B-6D2A-27AB-7B5F-A931015C4E8B}.Debug|Any CPU.ActiveCfg = Debug|Any CPU
		{8403814B-6D2A-27AB-7B5F-A931015C4E8B}.Debug|Any CPU.Build.0 = Debug|Any CPU
		{8403814B-6D2A-27AB-7B5F-A931015C4E8B}.Release|Any CPU.ActiveCfg = Release|Any CPU
		{8403814B-6D2A-27AB-7B5F-A931015C4E8B}.Release|Any CPU.Build.0 = Release|Any CPU
		{F6106058-CF78-36B1-3F1B-F3C081392EA9}.Debug|Any CPU.ActiveCfg = Debug|Any CPU
		{F6106058-CF78-36B1-3F1B-F3C081392EA9}.Debug|Any CPU.Build.0 = Debug|Any CPU
		{F6106058-CF78-36B1-3F1B-F3C081392EA9}.Release|Any CPU.ActiveCfg = Release|Any CPU
		{F6106058-CF78-36B1-3F1B-F3C081392EA9}.Release|Any CPU.Build.0 = Release|Any CPU
	EndGlobalSection
	GlobalSection(SolutionProperties) = preSolution
		HideSolutionNode = FALSE
	EndGlobalSection
EndGlobal
