
Microsoft Visual Studio Solution File, Format Version 12.00
# Visual Studio 15
Project("{FAE04EC0-301F-11D3-BF4B-00C04F79EFBC}") = "Assembly-CSharp", "Assembly-CSharp.csproj", "{E7F3EDD1-1772-9195-80AD-F8AA3F9D1331}"
EndProject
Project("{FAE04EC0-301F-11D3-BF4B-00C04F79EFBC}") = "PathCreator", "PathCreator.csproj", "{1602DA9E-DCDC-F6ED-121E-5E458B08954A}"
EndProject
Project("{FAE04EC0-301F-11D3-BF4B-00C04F79EFBC}") = "PathCreatorEditor", "PathCreatorEditor.csproj", "{7E86FC93-BD36-0D5D-0C43-1081E441C431}"
EndProject
Project("{FAE04EC0-301F-11D3-BF4B-00C04F79EFBC}") = "Assembly-CSharp-Editor", "Assembly-CSharp-Editor.csproj", "{827574FA-D69F-BF44-E697-C801F9E34812}"
EndProject
Global
	GlobalSection(SolutionConfigurationPlatforms) = preSolution
		Debug|Any CPU = Debug|Any CPU
		Release|Any CPU = Release|Any CPU
	EndGlobalSection
	GlobalSection(ProjectConfigurationPlatforms) = postSolution
		{E7F3EDD1-1772-9195-80AD-F8AA3F9D1331}.Debug|Any CPU.ActiveCfg = Debug|Any CPU
		{E7F3EDD1-1772-9195-80AD-F8AA3F9D1331}.Debug|Any CPU.Build.0 = Debug|Any CPU
		{E7F3EDD1-1772-9195-80AD-F8AA3F9D1331}.Release|Any CPU.ActiveCfg = Release|Any CPU
		{E7F3EDD1-1772-9195-80AD-F8AA3F9D1331}.Release|Any CPU.Build.0 = Release|Any CPU
		{1602DA9E-DCDC-F6ED-121E-5E458B08954A}.Debug|Any CPU.ActiveCfg = Debug|Any CPU
		{1602DA9E-DCDC-F6ED-121E-5E458B08954A}.Debug|Any CPU.Build.0 = Debug|Any CPU
		{1602DA9E-DCDC-F6ED-121E-5E458B08954A}.Release|Any CPU.ActiveCfg = Release|Any CPU
		{1602DA9E-DCDC-F6ED-121E-5E458B08954A}.Release|Any CPU.Build.0 = Release|Any CPU
		{7E86FC93-BD36-0D5D-0C43-1081E441C431}.Debug|Any CPU.ActiveCfg = Debug|Any CPU
		{7E86FC93-BD36-0D5D-0C43-1081E441C431}.Debug|Any CPU.Build.0 = Debug|Any CPU
		{7E86FC93-BD36-0D5D-0C43-1081E441C431}.Release|Any CPU.ActiveCfg = Release|Any CPU
		{7E86FC93-BD36-0D5D-0C43-1081E441C431}.Release|Any CPU.Build.0 = Release|Any CPU
		{827574FA-D69F-BF44-E697-C801F9E34812}.Debug|Any CPU.ActiveCfg = Debug|Any CPU
		{827574FA-D69F-BF44-E697-C801F9E34812}.Debug|Any CPU.Build.0 = Debug|Any CPU
		{827574FA-D69F-BF44-E697-C801F9E34812}.Release|Any CPU.ActiveCfg = Release|Any CPU
		{827574FA-D69F-BF44-E697-C801F9E34812}.Release|Any CPU.Build.0 = Release|Any CPU
	EndGlobalSection
	GlobalSection(SolutionProperties) = preSolution
		HideSolutionNode = FALSE
	EndGlobalSection
EndGlobal
